
Microsoft Visual Studio Solution File, Format Version 12.00
# Visual Studio 15
VisualStudioVersion = 15.0.28307.705
MinimumVisualStudioVersion = 10.0.40219.1
Project("{9A19103F-16F7-4668-BE54-9A1E7A4F7556}") = "DotNetCoreWebAPI", "DotNetCoreWebAPI\DotNetCoreWebAPI.csproj", "{76352742-1C52-4B00-8535-458995AE602E}"
EndProject
Global
	GlobalSection(SolutionConfigurationPlatforms) = preSolution
		Debug|Any CPU = Debug|Any CPU
		Release|Any CPU = Release|Any CPU
	EndGlobalSection
	GlobalSection(ProjectConfigurationPlatforms) = postSolution
		{76352742-1C52-4B00-8535-458995AE602E}.Debug|Any CPU.ActiveCfg = Debug|Any CPU
		{76352742-1C52-4B00-8535-458995AE602E}.Debug|Any CPU.Build.0 = Debug|Any CPU
		{76352742-1C52-4B00-8535-458995AE602E}.Release|Any CPU.ActiveCfg = Debug|Any CPU
		{76352742-1C52-4B00-8535-458995AE602E}.Release|Any CPU.Build.0 = Debug|Any CPU
	EndGlobalSection
	GlobalSection(SolutionProperties) = preSolution
		HideSolutionNode = FALSE
	EndGlobalSection
	GlobalSection(ExtensibilityGlobals) = postSolution
		SolutionGuid = {77E77973-96DB-4345-9716-EF62572A58ED}
	EndGlobalSection
EndGlobal
